# THIS IS AN AUTOGENERATED FILE. DO NOT EDIT THIS FILE DIRECTLY.
# yarn lockfile v1


"@lit/reactive-element@^1.1.0":
  version "1.2.2"
  resolved "https://registry.yarnpkg.com/@lit/reactive-element/-/reactive-element-1.2.2.tgz#bfa5539dfe4776899c3e3ba11e0e10224aeb9ff7"
  integrity sha512-HkhTTO2rT8jlf4izz7ME/+YUjqz+ZHgmnOKorA+7tkDmQDg6QzDpWSFz//1YyiL193W4bc7rlQCiYyFiZa9pkQ==

"@types/trusted-types@^2.0.2":
  version "2.0.2"
  resolved "https://registry.yarnpkg.com/@types/trusted-types/-/trusted-types-2.0.2.tgz#fc25ad9943bcac11cceb8168db4f275e0e72e756"
  integrity sha512-F5DIZ36YVLE+PN+Zwws4kJogq47hNgX3Nx6WyDJ3kcplxyke3XIzB8uK5n/Lpm1HBsbGzd6nmGehL8cPekP+Tg==

lit-element@^3.1.0:
  version "3.1.2"
  resolved "https://registry.yarnpkg.com/lit-element/-/lit-element-3.1.2.tgz#fe29b9a362cf6c0de93c7769f29f1b6c37c79e15"
  integrity sha512-5VLn5a7anAFH7oz6d7TRG3KiTZQ5GEFsAgOKB8Yc+HDyuDUGOT2cL1CYTz/U4b/xlJxO+euP14pyji+z3Z3kOg==
  dependencies:
    "@lit/reactive-element" "^1.1.0"
    lit-html "^2.1.0"

lit-html@^2.1.0:
  version "2.1.3"
  resolved "https://registry.yarnpkg.com/lit-html/-/lit-html-2.1.3.tgz#e749b6c8dd1aa1999af80d69441e65664487ef3e"
  integrity sha512-WgvdwiNeuoT0mYEEJI+AAV2DEtlqzVM4lyDSaeQSg5ZwhS/CkGJBO/4n66alApEuSS9WXw9+ADBp8SPvtDEKSg==
  dependencies:
    "@types/trusted-types" "^2.0.2"

lit@^2.1.3:
  version "2.1.3"
  resolved "https://registry.yarnpkg.com/lit/-/lit-2.1.3.tgz#b8a94ae2303eb6eb802a6f28cfdf3f288d4fa879"
  integrity sha512-46KtKy7iDoY3wZ5VSqBlXll6J/tli5gRMPFRWi5qQ01lvIqcO+dYQwb1l1NYZjbzcHnGnCKrMb8nDv7/ZE4Y4g==
  dependencies:
    "@lit/reactive-element" "^1.1.0"
    lit-element "^3.1.0"
    lit-html "^2.1.0"

typescript@^4.5.5:
  version "4.5.5"
  resolved "https://registry.yarnpkg.com/typescript/-/typescript-4.5.5.tgz#d8c953832d28924a9e3d37c73d729c846c5896f3"
  integrity sha512-TCTIul70LyWe6IJWT8QSYeA54WQe8EjQFU4wY52Fasj5UKx88LNYKCgBEHcOMOrFF1rKGbD8v/xcNWVUq9SymA==
